
Microsoft Visual Studio Solution File, Format Version 12.00
# Visual Studio 15
VisualStudioVersion = 15.0.27130.2036
MinimumVisualStudioVersion = 10.0.40219.1
Project("{FAE04EC0-301F-11D3-BF4B-00C04F79EFBC}") = "ParkingApp.Data", "ParkingApp.Data\ParkingApp.Data.csproj", "{F397586A-28DD-4E1F-B9AD-5D72DEF52CC7}"
EndProject
Project("{FAE04EC0-301F-11D3-BF4B-00C04F79EFBC}") = "ParkingApp.Domain", "ParkingApp.Domain\ParkingApp.Domain.csproj", "{0A60BB37-89C2-43B7-9F01-43FC8BEDAE7F}"
EndProject
Project("{FAE04EC0-301F-11D3-BF4B-00C04F79EFBC}") = "ParkingApp.UI", "ParkingApp.UI\ParkingApp.UI.csproj", "{4B0807D5-AF66-45C2-BB7A-2492665EF614}"
EndProject
Global
	GlobalSection(SolutionConfigurationPlatforms) = preSolution
		Debug|Any CPU = Debug|Any CPU
		Release|Any CPU = Release|Any CPU
	EndGlobalSection
	GlobalSection(ProjectConfigurationPlatforms) = postSolution
		{F397586A-28DD-4E1F-B9AD-5D72DEF52CC7}.Debug|Any CPU.ActiveCfg = Debug|Any CPU
		{F397586A-28DD-4E1F-B9AD-5D72DEF52CC7}.Debug|Any CPU.Build.0 = Debug|Any CPU
		{F397586A-28DD-4E1F-B9AD-5D72DEF52CC7}.Release|Any CPU.ActiveCfg = Release|Any CPU
		{F397586A-28DD-4E1F-B9AD-5D72DEF52CC7}.Release|Any CPU.Build.0 = Release|Any CPU
		{0A60BB37-89C2-43B7-9F01-43FC8BEDAE7F}.Debug|Any CPU.ActiveCfg = Debug|Any CPU
		{0A60BB37-89C2-43B7-9F01-43FC8BEDAE7F}.Debug|Any CPU.Build.0 = Debug|Any CPU
		{0A60BB37-89C2-43B7-9F01-43FC8BEDAE7F}.Release|Any CPU.ActiveCfg = Release|Any CPU
		{0A60BB37-89C2-43B7-9F01-43FC8BEDAE7F}.Release|Any CPU.Build.0 = Release|Any CPU
		{4B0807D5-AF66-45C2-BB7A-2492665EF614}.Debug|Any CPU.ActiveCfg = Debug|Any CPU
		{4B0807D5-AF66-45C2-BB7A-2492665EF614}.Debug|Any CPU.Build.0 = Debug|Any CPU
		{4B0807D5-AF66-45C2-BB7A-2492665EF614}.Release|Any CPU.ActiveCfg = Release|Any CPU
		{4B0807D5-AF66-45C2-BB7A-2492665EF614}.Release|Any CPU.Build.0 = Release|Any CPU
	EndGlobalSection
	GlobalSection(SolutionProperties) = preSolution
		HideSolutionNode = FALSE
	EndGlobalSection
	GlobalSection(ExtensibilityGlobals) = postSolution
		SolutionGuid = {6454EA5F-F21B-4B7B-9EF4-0E9B4A676CAA}
	EndGlobalSection
EndGlobal
